<?xml version="1.0" encoding="utf-8"?>
<Project ToolsVersion="4.0" xmlns="http://schemas.microsoft.com/developer/msbuild/2003">
  <ItemGroup>
    <Filter Include="Log">
      <UniqueIdentifier>{057ab163-3eee-4944-9ad7-c08cfe5eae3e}</UniqueIdentifier>
    </Filter>
    <Filter Include="MemoryPool">
      <UniqueIdentifier>{851ad0f7-036d-414e-82d2-f987451d2c70}</UniqueIdentifier>
    </Filter>
    <Filter Include="Network">
      <UniqueIdentifier>{e09063ae-35ab-4e0c-bd26-b2d1cb5bcda2}</UniqueIdentifier>
    </Filter>
    <Filter Include="Dump">
      <UniqueIdentifier>{c793a3e7-d62f-42e2-a401-cea13f18b925}</UniqueIdentifier>
    </Filter>
    <Filter Include="Parse">
      <UniqueIdentifier>{506b605b-dff1-48d9-810c-d25e60374f02}</UniqueIdentifier>
    </Filter>
    <Filter Include="NetServer">
      <UniqueIdentifier>{dcefb736-3719-44a4-bb33-37228db1991e}</UniqueIdentifier>
    </Filter>
    <Filter Include="LanClient">
      <UniqueIdentifier>{0445d8ef-6343-4afc-894e-305025e446ff}</UniqueIdentifier>
    </Filter>
  </ItemGroup>
  <ItemGroup>
    <ClCompile Include="main.cpp" />
    <ClCompile Include="LoginServer.cpp">
      <Filter>NetServer</Filter>
    </ClCompile>
    <ClCompile Include="APIHook.cpp">
      <Filter>Dump</Filter>
    </ClCompile>
    <ClCompile Include="Dump.cpp">
      <Filter>Dump</Filter>
    </ClCompile>
    <ClCompile Include="NetServer.cpp">
      <Filter>NetServer</Filter>
    </ClCompile>
    <ClCompile Include="Log.cpp">
      <Filter>Log</Filter>
    </ClCompile>
    <ClCompile Include="Packet.cpp">
      <Filter>Network</Filter>
    </ClCompile>
    <ClCompile Include="RingBuffer.cpp">
      <Filter>Network</Filter>
    </ClCompile>
    <ClCompile Include="Parse.cpp">
      <Filter>Parse</Filter>
    </ClCompile>
    <ClCompile Include="Config.cpp">
      <Filter>Parse</Filter>
    </ClCompile>
    <ClCompile Include="Player.cpp">
      <Filter>NetServer</Filter>
    </ClCompile>
  </ItemGroup>
  <ItemGroup>
    <ClInclude Include="LoginServer.h">
      <Filter>NetServer</Filter>
    </ClInclude>
    <ClInclude Include="APIHook.h">
      <Filter>Dump</Filter>
    </ClInclude>
    <ClInclude Include="Dump.h">
      <Filter>Dump</Filter>
    </ClInclude>
    <ClInclude Include="NetServer.h">
      <Filter>NetServer</Filter>
    </ClInclude>
    <ClInclude Include="Log.h">
      <Filter>Log</Filter>
    </ClInclude>
    <ClInclude Include="LockFreeQueue.h">
      <Filter>MemoryPool</Filter>
    </ClInclude>
    <ClInclude Include="LockFreeStack.h">
      <Filter>MemoryPool</Filter>
    </ClInclude>
    <ClInclude Include="MemoryPool.h">
      <Filter>MemoryPool</Filter>
    </ClInclude>
    <ClInclude Include="Packet.h">
      <Filter>Network</Filter>
    </ClInclude>
    <ClInclude Include="RingBuffer.h">
      <Filter>Network</Filter>
    </ClInclude>
    <ClInclude Include="CommonProtocol.h">
      <Filter>Network</Filter>
    </ClInclude>
    <ClInclude Include="Parse.h">
      <Filter>Parse</Filter>
    </ClInclude>
    <ClInclude Include="Config.h">
      <Filter>Parse</Filter>
    </ClInclude>
    <ClInclude Include="Player.h">
      <Filter>NetServer</Filter>
    </ClInclude>
  </ItemGroup>
</Project>